
Microsoft Visual Studio Solution File, Format Version 12.00
# Visual Studio 15
VisualStudioVersion = 15.0.28010.0
MinimumVisualStudioVersion = 10.0.40219.1
Project("{FAE04EC0-301F-11D3-BF4B-00C04F79EFBC}") = "HelloWorld", "HelloWorld\HelloWorld.csproj", "{83B3E771-0930-491C-BDFD-3D4037E6D9B1}"
EndProject
Project("{FAE04EC0-301F-11D3-BF4B-00C04F79EFBC}") = "HelloWorldTest", "HelloWorldTest\HelloWorldTest.csproj", "{47F1733C-830B-4C80-AFB6-8EC1CEAE1A36}"
EndProject
Global
	GlobalSection(SolutionConfigurationPlatforms) = preSolution
		Debug|Any CPU = Debug|Any CPU
		Release|Any CPU = Release|Any CPU
	EndGlobalSection
	GlobalSection(ProjectConfigurationPlatforms) = postSolution
		{83B3E771-0930-491C-BDFD-3D4037E6D9B1}.Debug|Any CPU.ActiveCfg = Debug|Any CPU
		{83B3E771-0930-491C-BDFD-3D4037E6D9B1}.Debug|Any CPU.Build.0 = Debug|Any CPU
		{83B3E771-0930-491C-BDFD-3D4037E6D9B1}.Release|Any CPU.ActiveCfg = Release|Any CPU
		{83B3E771-0930-491C-BDFD-3D4037E6D9B1}.Release|Any CPU.Build.0 = Release|Any CPU
		{47F1733C-830B-4C80-AFB6-8EC1CEAE1A36}.Debug|Any CPU.ActiveCfg = Debug|Any CPU
		{47F1733C-830B-4C80-AFB6-8EC1CEAE1A36}.Debug|Any CPU.Build.0 = Debug|Any CPU
		{47F1733C-830B-4C80-AFB6-8EC1CEAE1A36}.Release|Any CPU.ActiveCfg = Release|Any CPU
		{47F1733C-830B-4C80-AFB6-8EC1CEAE1A36}.Release|Any CPU.Build.0 = Release|Any CPU
	EndGlobalSection
	GlobalSection(SolutionProperties) = preSolution
		HideSolutionNode = FALSE
	EndGlobalSection
	GlobalSection(ExtensibilityGlobals) = postSolution
		SolutionGuid = {930FFB69-7CFE-4FCC-8089-74989468D5FF}
	EndGlobalSection
EndGlobal
